Microsoft Visual Studio Solution File, Format Version 12.00
# Visual Studio Version 17
VisualStudioVersion = 17.5.2.0
MinimumVisualStudioVersion = 10.0.40219.1
Project("{FAE04EC0-301F-11D3-BF4B-00C04F79EFBC}") = "ElliotDvp-tarea04", "ElliotDvp-tarea04.csproj", "{61BF261F-F2D3-8BC9-C988-BB5E54746E1A}"
EndProject
Global
	GlobalSection(SolutionConfigurationPlatforms) = preSolution
		Debug|Any CPU = Debug|Any CPU
		Release|Any CPU = Release|Any CPU
	EndGlobalSection
	GlobalSection(ProjectConfigurationPlatforms) = postSolution
		{61BF261F-F2D3-8BC9-C988-BB5E54746E1A}.Debug|Any CPU.ActiveCfg = Debug|Any CPU
		{61BF261F-F2D3-8BC9-C988-BB5E54746E1A}.Debug|Any CPU.Build.0 = Debug|Any CPU
		{61BF261F-F2D3-8BC9-C988-BB5E54746E1A}.Release|Any CPU.ActiveCfg = Release|Any CPU
		{61BF261F-F2D3-8BC9-C988-BB5E54746E1A}.Release|Any CPU.Build.0 = Release|Any CPU
	EndGlobalSection
	GlobalSection(SolutionProperties) = preSolution
		HideSolutionNode = FALSE
	EndGlobalSection
	GlobalSection(ExtensibilityGlobals) = postSolution
		SolutionGuid = {59C26566-FC88-429D-A87C-D3761AD035D4}
	EndGlobalSection
EndGlobal
